
Microsoft Visual Studio Solution File, Format Version 12.00
# Visual Studio 2013
VisualStudioVersion = 12.0.31101.0
MinimumVisualStudioVersion = 10.0.40219.1
Project("{FAE04EC0-301F-11D3-BF4B-00C04F79EFBC}") = "HospitalBook.WebSite", "HospitalBookWebSite\HospitalBook.WebSite.csproj", "{C5A4417B-6E43-414B-AD6C-CECD4A008392}"
EndProject
Project("{FAE04EC0-301F-11D3-BF4B-00C04F79EFBC}") = "HospitalBook.Module", "HospitalBook.Module\HospitalBook.Module.csproj", "{2EBD713C-FD1F-40DF-8D83-8F137D1D0DC6}"
EndProject
Project("{FAE04EC0-301F-11D3-BF4B-00C04F79EFBC}") = "TestPrj", "TestPrj\TestPrj.csproj", "{80BB0C39-8424-47C9-A691-B4AEF1083A6E}"
EndProject
Global
	GlobalSection(SolutionConfigurationPlatforms) = preSolution
		Debug|Any CPU = Debug|Any CPU
		Release|Any CPU = Release|Any CPU
	EndGlobalSection
	GlobalSection(ProjectConfigurationPlatforms) = postSolution
		{C5A4417B-6E43-414B-AD6C-CECD4A008392}.Debug|Any CPU.ActiveCfg = Debug|Any CPU
		{C5A4417B-6E43-414B-AD6C-CECD4A008392}.Debug|Any CPU.Build.0 = Debug|Any CPU
		{C5A4417B-6E43-414B-AD6C-CECD4A008392}.Release|Any CPU.ActiveCfg = Release|Any CPU
		{C5A4417B-6E43-414B-AD6C-CECD4A008392}.Release|Any CPU.Build.0 = Release|Any CPU
		{2EBD713C-FD1F-40DF-8D83-8F137D1D0DC6}.Debug|Any CPU.ActiveCfg = Debug|Any CPU
		{2EBD713C-FD1F-40DF-8D83-8F137D1D0DC6}.Debug|Any CPU.Build.0 = Debug|Any CPU
		{2EBD713C-FD1F-40DF-8D83-8F137D1D0DC6}.Release|Any CPU.ActiveCfg = Release|Any CPU
		{2EBD713C-FD1F-40DF-8D83-8F137D1D0DC6}.Release|Any CPU.Build.0 = Release|Any CPU
		{80BB0C39-8424-47C9-A691-B4AEF1083A6E}.Debug|Any CPU.ActiveCfg = Debug|Any CPU
		{80BB0C39-8424-47C9-A691-B4AEF1083A6E}.Debug|Any CPU.Build.0 = Debug|Any CPU
		{80BB0C39-8424-47C9-A691-B4AEF1083A6E}.Release|Any CPU.ActiveCfg = Release|Any CPU
		{80BB0C39-8424-47C9-A691-B4AEF1083A6E}.Release|Any CPU.Build.0 = Release|Any CPU
	EndGlobalSection
	GlobalSection(SolutionProperties) = preSolution
		HideSolutionNode = FALSE
	EndGlobalSection
EndGlobal
